Microsoft Visual Studio Solution File, Format Version 12.00
# Visual Studio 2012
Project("{FAE04EC0-301F-11D3-BF4B-00C04F79EFBC}") = "TaskMaster", "TaskMaster.csproj", "{420AC4ED-2F4D-4F00-B942-38BCEDA0B093}"
EndProject
Global
	GlobalSection(SolutionConfigurationPlatforms) = preSolution
	Debug|Any CPU = Debug|Any CPU
	ExportDebug|Any CPU = ExportDebug|Any CPU
	ExportRelease|Any CPU = ExportRelease|Any CPU
	EndGlobalSection
	GlobalSection(ProjectConfigurationPlatforms) = postSolution
		{420AC4ED-2F4D-4F00-B942-38BCEDA0B093}.Debug|Any CPU.ActiveCfg = Debug|Any CPU
		{420AC4ED-2F4D-4F00-B942-38BCEDA0B093}.Debug|Any CPU.Build.0 = Debug|Any CPU
		{420AC4ED-2F4D-4F00-B942-38BCEDA0B093}.ExportDebug|Any CPU.ActiveCfg = ExportDebug|Any CPU
		{420AC4ED-2F4D-4F00-B942-38BCEDA0B093}.ExportDebug|Any CPU.Build.0 = ExportDebug|Any CPU
		{420AC4ED-2F4D-4F00-B942-38BCEDA0B093}.ExportRelease|Any CPU.ActiveCfg = ExportRelease|Any CPU
		{420AC4ED-2F4D-4F00-B942-38BCEDA0B093}.ExportRelease|Any CPU.Build.0 = ExportRelease|Any CPU
	EndGlobalSection
EndGlobal
